
Microsoft Visual Studio Solution File, Format Version 12.00
# Visual Studio 15
VisualStudioVersion = 15.0.27703.2035
MinimumVisualStudioVersion = 10.0.40219.1
Project("{FAE04EC0-301F-11D3-BF4B-00C04F79EFBC}") = "BattleCity", "BattleCity.csproj", "{5DEE0868-1A56-4801-A4C1-A198BE48D60F}"
EndProject
Global
	GlobalSection(SolutionConfigurationPlatforms) = preSolution
		Debug|Any CPU = Debug|Any CPU
		Debug|x86 = Debug|x86
		Release|Any CPU = Release|Any CPU
		Release|x86 = Release|x86
	EndGlobalSection
	GlobalSection(ProjectConfigurationPlatforms) = postSolution
		{5DEE0868-1A56-4801-A4C1-A198BE48D60F}.Debug|Any CPU.ActiveCfg = Debug|x86
		{5DEE0868-1A56-4801-A4C1-A198BE48D60F}.Debug|x86.ActiveCfg = Debug|x86
		{5DEE0868-1A56-4801-A4C1-A198BE48D60F}.Debug|x86.Build.0 = Debug|x86
		{5DEE0868-1A56-4801-A4C1-A198BE48D60F}.Release|Any CPU.ActiveCfg = Release|x86
		{5DEE0868-1A56-4801-A4C1-A198BE48D60F}.Release|x86.ActiveCfg = Release|x86
		{5DEE0868-1A56-4801-A4C1-A198BE48D60F}.Release|x86.Build.0 = Release|x86
	EndGlobalSection
	GlobalSection(SolutionProperties) = preSolution
		HideSolutionNode = FALSE
	EndGlobalSection
	GlobalSection(ExtensibilityGlobals) = postSolution
		SolutionGuid = {3313E9F2-52ED-41DA-AA4D-A2DDE83047CB}
	EndGlobalSection
EndGlobal
